<?xml version="1.0" encoding="utf-8"?>
<Project ToolsVersion="4.0" xmlns="http://schemas.microsoft.com/developer/msbuild/2003">
  <ItemGroup>
    <Filter Include="pole">
      <UniqueIdentifier>{7db16ef5-9c52-4acc-bd91-27a786957694}</UniqueIdentifier>
    </Filter>
    <Filter Include="io">
      <UniqueIdentifier>{7e27ee26-5909-49a2-9d0f-76eb33a16938}</UniqueIdentifier>
    </Filter>
    <Filter Include="locale">
      <UniqueIdentifier>{fc4f7e73-41a6-4719-990f-9f52cec93ef0}</UniqueIdentifier>
    </Filter>
    <Filter Include="hwp">
      <UniqueIdentifier>{9ec87380-1e88-4826-8bc8-df6ec573f90b}</UniqueIdentifier>
    </Filter>
    <Filter Include="cryptor">
      <UniqueIdentifier>{2f5bac7b-f7d2-4e4c-8d21-4617f1f1305c}</UniqueIdentifier>
    </Filter>
    <Filter Include="xml">
      <UniqueIdentifier>{109e6be2-f55c-4267-9aa5-b3e1b39ec4f7}</UniqueIdentifier>
    </Filter>
    <Filter Include="traits">
      <UniqueIdentifier>{cb10ea69-7969-4329-9f10-6bfe23a758db}</UniqueIdentifier>
    </Filter>
    <Filter Include="editor">
      <UniqueIdentifier>{1aa0040f-f087-41c0-a59b-4c1c6ebdcd86}</UniqueIdentifier>
    </Filter>
    <Filter Include="editor\xml">
      <UniqueIdentifier>{72392752-d4ae-4b11-9046-db44dab64669}</UniqueIdentifier>
    </Filter>
    <Filter Include="editor\hwp50">
      <UniqueIdentifier>{3e3c1a20-67a6-4c19-b5f8-c4f902c8b00f}</UniqueIdentifier>
    </Filter>
    <Filter Include="editor\hwp30">
      <UniqueIdentifier>{24542692-37fa-4cff-8d3b-358d6a5414dd}</UniqueIdentifier>
    </Filter>
    <Filter Include="txt">
      <UniqueIdentifier>{7d410e68-f096-4ce8-9b13-0e623490a498}</UniqueIdentifier>
    </Filter>
  </ItemGroup>
  <ItemGroup>
    <ClCompile Include="pole\pole.cpp">
      <Filter>pole</Filter>
    </ClCompile>
    <ClCompile Include="hwp\hwp50_filter.cpp">
      <Filter>hwp</Filter>
    </ClCompile>
    <ClCompile Include="locale\charset_encoder.cpp">
      <Filter>locale</Filter>
    </ClCompile>
    <ClCompile Include="io\zlib.cpp">
      <Filter>io</Filter>
    </ClCompile>
    <ClCompile Include="io\binary_iostream.cpp">
      <Filter>io</Filter>
    </ClCompile>
    <ClCompile Include="io\compound_file_binary.cpp">
      <Filter>io</Filter>
    </ClCompile>
    <ClCompile Include="filter_pch.cpp" />
    <ClCompile Include="hwp\hwp50_syntax.cpp">
      <Filter>hwp</Filter>
    </ClCompile>
    <ClCompile Include="hwp\hwp30_filter.cpp">
      <Filter>hwp</Filter>
    </ClCompile>
    <ClCompile Include="hwp\hwp30_syntax.cpp">
      <Filter>hwp</Filter>
    </ClCompile>
    <ClCompile Include="locale\hchar_converter.cpp">
      <Filter>locale</Filter>
    </ClCompile>
    <ClCompile Include="locale\kssm_ks_converter.cpp">
      <Filter>locale</Filter>
    </ClCompile>
    <ClCompile Include="cryptor\cryptor.cpp">
      <Filter>cryptor</Filter>
    </ClCompile>
    <ClCompile Include="xml\pugixml.cpp">
      <Filter>xml</Filter>
    </ClCompile>
    <ClCompile Include="hwp\hwpx_filter.cpp">
      <Filter>hwp</Filter>
    </ClCompile>
    <ClCompile Include="io\open_package_conventions.cpp">
      <Filter>io</Filter>
    </ClCompile>
    <ClCompile Include="hwp\hwpml_filter.cpp">
      <Filter>hwp</Filter>
    </ClCompile>
    <ClCompile Include="editor\hwp50\hwp50_editor.cpp">
      <Filter>editor\hwp50</Filter>
    </ClCompile>
    <ClCompile Include="editor\hwp50\hwp50_extract_texts.cpp">
      <Filter>editor\hwp50</Filter>
    </ClCompile>
    <ClCompile Include="editor\hwp50\hwp50_find_and_replace_strategy.cpp">
      <Filter>editor\hwp50</Filter>
    </ClCompile>
    <ClCompile Include="editor\hwp50\hwp50_replace_texts.cpp">
      <Filter>editor\hwp50</Filter>
    </ClCompile>
    <ClCompile Include="editor\hwp50\hwp50_search_texts.cpp">
      <Filter>editor\hwp50</Filter>
    </ClCompile>
    <ClCompile Include="editor\xml\xml_editor.cpp">
      <Filter>editor\xml</Filter>
    </ClCompile>
    <ClCompile Include="editor\xml\xml_extract_texts.cpp">
      <Filter>editor\xml</Filter>
    </ClCompile>
    <ClCompile Include="editor\xml\xml_find_and_replace_strategy.cpp">
      <Filter>editor\xml</Filter>
    </ClCompile>
    <ClCompile Include="editor\xml\xml_replace_texts.cpp">
      <Filter>editor\xml</Filter>
    </ClCompile>
    <ClCompile Include="editor\xml\xml_search_texts.cpp">
      <Filter>editor\xml</Filter>
    </ClCompile>
    <ClCompile Include="editor\hwp30\hwp30_editor.cpp">
      <Filter>editor\hwp30</Filter>
    </ClCompile>
    <ClCompile Include="editor\hwp30\hwp30_extract_texts.cpp">
      <Filter>editor\hwp30</Filter>
    </ClCompile>
    <ClCompile Include="editor\hwp30\hwp30_find_and_replace_strategy.cpp">
      <Filter>editor\hwp30</Filter>
    </ClCompile>
    <ClCompile Include="editor\hwp30\hwp30_replace_texts.cpp">
      <Filter>editor\hwp30</Filter>
    </ClCompile>
    <ClCompile Include="editor\hwp30\hwp30_search_texts.cpp">
      <Filter>editor\hwp30</Filter>
    </ClCompile>
    <ClCompile Include="locale\charset_detecter.cpp">
      <Filter>locale</Filter>
    </ClCompile>
    <ClCompile Include="txt\txt_filter.cpp">
      <Filter>txt</Filter>
    </ClCompile>
    <ClCompile Include="io\file_stream.cpp">
      <Filter>io</Filter>
    </ClCompile>
  </ItemGroup>
  <ItemGroup>
    <ClInclude Include="pole\pole.h">
      <Filter>pole</Filter>
    </ClInclude>
    <ClInclude Include="io\binary_iostream.h">
      <Filter>io</Filter>
    </ClInclude>
    <ClInclude Include="io\compound_file_binary.h">
      <Filter>io</Filter>
    </ClInclude>
    <ClInclude Include="io\endianness.h">
      <Filter>io</Filter>
    </ClInclude>
    <ClInclude Include="io\zlib.h">
      <Filter>io</Filter>
    </ClInclude>
    <ClInclude Include="locale\charset_encoder.h">
      <Filter>locale</Filter>
    </ClInclude>
    <ClInclude Include="hwp\hwp50_filter.h">
      <Filter>hwp</Filter>
    </ClInclude>
    <ClInclude Include="filter_pch.h" />
    <ClInclude Include="hwp\hwp50_syntax.h">
      <Filter>hwp</Filter>
    </ClInclude>
    <ClInclude Include="hwp\hwp30_filter.h">
      <Filter>hwp</Filter>
    </ClInclude>
    <ClInclude Include="hwp\hwp30_syntax.h">
      <Filter>hwp</Filter>
    </ClInclude>
    <ClInclude Include="locale\cp_utf8.hpp">
      <Filter>locale</Filter>
    </ClInclude>
    <ClInclude Include="locale\cp_utf16.hpp">
      <Filter>locale</Filter>
    </ClInclude>
    <ClInclude Include="locale\cp_utf32.hpp">
      <Filter>locale</Filter>
    </ClInclude>
    <ClInclude Include="locale\cp_utfw.hpp">
      <Filter>locale</Filter>
    </ClInclude>
    <ClInclude Include="locale\utf_config.hpp">
      <Filter>locale</Filter>
    </ClInclude>
    <ClInclude Include="locale\utf_converters.hpp">
      <Filter>locale</Filter>
    </ClInclude>
    <ClInclude Include="locale\utf_selector.hpp">
      <Filter>locale</Filter>
    </ClInclude>
    <ClInclude Include="locale\utf_sizes.hpp">
      <Filter>locale</Filter>
    </ClInclude>
    <ClInclude Include="locale\hchar_converter.h">
      <Filter>locale</Filter>
    </ClInclude>
    <ClInclude Include="locale\kssm_ks_converter.h">
      <Filter>locale</Filter>
    </ClInclude>
    <ClInclude Include="cryptor\cryptor.h">
      <Filter>cryptor</Filter>
    </ClInclude>
    <ClInclude Include="xml\pugiconfig.hpp">
      <Filter>xml</Filter>
    </ClInclude>
    <ClInclude Include="xml\pugixml.hpp">
      <Filter>xml</Filter>
    </ClInclude>
    <ClInclude Include="hwp\hwpx_filter.h">
      <Filter>hwp</Filter>
    </ClInclude>
    <ClInclude Include="traits\binary_traits.h">
      <Filter>traits</Filter>
    </ClInclude>
    <ClInclude Include="traits\compound_file_binary_traits.h">
      <Filter>traits</Filter>
    </ClInclude>
    <ClInclude Include="traits\xml_traits.h">
      <Filter>traits</Filter>
    </ClInclude>
    <ClInclude Include="io\open_package_conventions.h">
      <Filter>io</Filter>
    </ClInclude>
    <ClInclude Include="hwp\hwpml_filter.h">
      <Filter>hwp</Filter>
    </ClInclude>
    <ClInclude Include="traits\editor_traits.h">
      <Filter>traits</Filter>
    </ClInclude>
    <ClInclude Include="editor\hwp50\hwp50_editor.h">
      <Filter>editor\hwp50</Filter>
    </ClInclude>
    <ClInclude Include="editor\hwp50\hwp50_extract_texts.h">
      <Filter>editor\hwp50</Filter>
    </ClInclude>
    <ClInclude Include="editor\hwp50\hwp50_find_and_replace_strategy.h">
      <Filter>editor\hwp50</Filter>
    </ClInclude>
    <ClInclude Include="editor\hwp50\hwp50_replace_texts.h">
      <Filter>editor\hwp50</Filter>
    </ClInclude>
    <ClInclude Include="editor\hwp50\hwp50_search_texts.h">
      <Filter>editor\hwp50</Filter>
    </ClInclude>
    <ClInclude Include="editor\xml\xml_editor.h">
      <Filter>editor\xml</Filter>
    </ClInclude>
    <ClInclude Include="editor\xml\xml_extract_texts.h">
      <Filter>editor\xml</Filter>
    </ClInclude>
    <ClInclude Include="editor\xml\xml_find_and_replace_strategy.h">
      <Filter>editor\xml</Filter>
    </ClInclude>
    <ClInclude Include="editor\xml\xml_replace_texts.h">
      <Filter>editor\xml</Filter>
    </ClInclude>
    <ClInclude Include="editor\xml\xml_search_texts.h">
      <Filter>editor\xml</Filter>
    </ClInclude>
    <ClInclude Include="editor\hwp30\hwp30_editor.h">
      <Filter>editor\hwp30</Filter>
    </ClInclude>
    <ClInclude Include="editor\hwp30\hwp30_extract_texts.h">
      <Filter>editor\hwp30</Filter>
    </ClInclude>
    <ClInclude Include="editor\hwp30\hwp30_find_and_replace_strategy.h">
      <Filter>editor\hwp30</Filter>
    </ClInclude>
    <ClInclude Include="editor\hwp30\hwp30_replace_texts.h">
      <Filter>editor\hwp30</Filter>
    </ClInclude>
    <ClInclude Include="editor\hwp30\hwp30_search_texts.h">
      <Filter>editor\hwp30</Filter>
    </ClInclude>
    <ClInclude Include="locale\charset_detecter.h">
      <Filter>locale</Filter>
    </ClInclude>
    <ClInclude Include="txt\txt_filter.h">
      <Filter>txt</Filter>
    </ClInclude>
    <ClInclude Include="io\file_stream.h">
      <Filter>io</Filter>
    </ClInclude>
  </ItemGroup>
</Project>