<?xml version="1.0" encoding="utf-8"?>
<Project ToolsVersion="4.0" xmlns="http://schemas.microsoft.com/developer/msbuild/2003">
  <ItemGroup>
    <Filter Include="pole">
      <UniqueIdentifier>{7db16ef5-9c52-4acc-bd91-27a786957694}</UniqueIdentifier>
    </Filter>
    <Filter Include="define">
      <UniqueIdentifier>{cb10ea69-7969-4329-9f10-6bfe23a758db}</UniqueIdentifier>
    </Filter>
    <Filter Include="io">
      <UniqueIdentifier>{7e27ee26-5909-49a2-9d0f-76eb33a16938}</UniqueIdentifier>
    </Filter>
    <Filter Include="locale">
      <UniqueIdentifier>{fc4f7e73-41a6-4719-990f-9f52cec93ef0}</UniqueIdentifier>
    </Filter>
    <Filter Include="hwp">
      <UniqueIdentifier>{9ec87380-1e88-4826-8bc8-df6ec573f90b}</UniqueIdentifier>
    </Filter>
    <Filter Include="cryptor">
      <UniqueIdentifier>{2f5bac7b-f7d2-4e4c-8d21-4617f1f1305c}</UniqueIdentifier>
    </Filter>
  </ItemGroup>
  <ItemGroup>
    <ClCompile Include="pole\pole.cpp">
      <Filter>pole</Filter>
    </ClCompile>
    <ClCompile Include="hwp\hwp50_filter.cpp">
      <Filter>hwp</Filter>
    </ClCompile>
    <ClCompile Include="locale\charset_encoder.cpp">
      <Filter>locale</Filter>
    </ClCompile>
    <ClCompile Include="io\zlib.cpp">
      <Filter>io</Filter>
    </ClCompile>
    <ClCompile Include="io\binary_iostream.cpp">
      <Filter>io</Filter>
    </ClCompile>
    <ClCompile Include="io\compound_file_binary.cpp">
      <Filter>io</Filter>
    </ClCompile>
    <ClCompile Include="filter_pch.cpp" />
    <ClCompile Include="hwp\hwp50_syntax.cpp">
      <Filter>hwp</Filter>
    </ClCompile>
    <ClCompile Include="hwp\hwp30_filter.cpp">
      <Filter>hwp</Filter>
    </ClCompile>
    <ClCompile Include="hwp\hwp30_syntax.cpp">
      <Filter>hwp</Filter>
    </ClCompile>
    <ClCompile Include="locale\hchar_converter.cpp">
      <Filter>locale</Filter>
    </ClCompile>
    <ClCompile Include="locale\kssm_ks_converter.cpp">
      <Filter>locale</Filter>
    </ClCompile>
    <ClCompile Include="cryptor\cryptor.cpp">
      <Filter>cryptor</Filter>
    </ClCompile>
  </ItemGroup>
  <ItemGroup>
    <ClInclude Include="pole\pole.h">
      <Filter>pole</Filter>
    </ClInclude>
    <ClInclude Include="io\binary_iostream.h">
      <Filter>io</Filter>
    </ClInclude>
    <ClInclude Include="io\compound_file_binary.h">
      <Filter>io</Filter>
    </ClInclude>
    <ClInclude Include="io\endianness.h">
      <Filter>io</Filter>
    </ClInclude>
    <ClInclude Include="io\zlib.h">
      <Filter>io</Filter>
    </ClInclude>
    <ClInclude Include="locale\charset_encoder.h">
      <Filter>locale</Filter>
    </ClInclude>
    <ClInclude Include="hwp\hwp50_filter.h">
      <Filter>hwp</Filter>
    </ClInclude>
    <ClInclude Include="define\compound_file_binary_traits.h">
      <Filter>define</Filter>
    </ClInclude>
    <ClInclude Include="define\binary_traits.h">
      <Filter>define</Filter>
    </ClInclude>
    <ClInclude Include="filter_pch.h" />
    <ClInclude Include="hwp\hwp50_syntax.h">
      <Filter>hwp</Filter>
    </ClInclude>
    <ClInclude Include="hwp\hwp30_filter.h">
      <Filter>hwp</Filter>
    </ClInclude>
    <ClInclude Include="hwp\hwp30_syntax.h">
      <Filter>hwp</Filter>
    </ClInclude>
    <ClInclude Include="locale\cp_utf8.hpp">
      <Filter>locale</Filter>
    </ClInclude>
    <ClInclude Include="locale\cp_utf16.hpp">
      <Filter>locale</Filter>
    </ClInclude>
    <ClInclude Include="locale\cp_utf32.hpp">
      <Filter>locale</Filter>
    </ClInclude>
    <ClInclude Include="locale\cp_utfw.hpp">
      <Filter>locale</Filter>
    </ClInclude>
    <ClInclude Include="locale\utf_config.hpp">
      <Filter>locale</Filter>
    </ClInclude>
    <ClInclude Include="locale\utf_converters.hpp">
      <Filter>locale</Filter>
    </ClInclude>
    <ClInclude Include="locale\utf_selector.hpp">
      <Filter>locale</Filter>
    </ClInclude>
    <ClInclude Include="locale\utf_sizes.hpp">
      <Filter>locale</Filter>
    </ClInclude>
    <ClInclude Include="locale\hchar_converter.h">
      <Filter>locale</Filter>
    </ClInclude>
    <ClInclude Include="locale\kssm_ks_converter.h">
      <Filter>locale</Filter>
    </ClInclude>
    <ClInclude Include="cryptor\cryptor.h">
      <Filter>cryptor</Filter>
    </ClInclude>
  </ItemGroup>
</Project>