<?xml version="1.0" encoding="utf-8"?>
<Project ToolsVersion="4.0" xmlns="http://schemas.microsoft.com/developer/msbuild/2003">
  <ItemGroup>
    <ClCompile Include="textrank\textrank.cpp">
      <Filter>textrank</Filter>
    </ClCompile>
    <ClCompile Include="nlp_pch.cpp" />
    <ClCompile Include="stopwords\stop_words.cpp">
      <Filter>stopwords</Filter>
    </ClCompile>
    <ClCompile Include="similarity\text_similarity.cpp">
      <Filter>similarity</Filter>
    </ClCompile>
  </ItemGroup>
  <ItemGroup>
    <ClInclude Include="textrank\textrank.h">
      <Filter>textrank</Filter>
    </ClInclude>
    <ClInclude Include="nlp_pch.h" />
    <ClInclude Include="stopwords\stop_words.h">
      <Filter>stopwords</Filter>
    </ClInclude>
    <ClInclude Include="similarity\text_similarity.h">
      <Filter>similarity</Filter>
    </ClInclude>
  </ItemGroup>
  <ItemGroup>
    <Filter Include="textrank">
      <UniqueIdentifier>{5058ca03-0712-4fc3-b695-76da52982f08}</UniqueIdentifier>
    </Filter>
    <Filter Include="stopwords">
      <UniqueIdentifier>{c93b17a2-d5d6-4b0f-9213-2b880ba91b62}</UniqueIdentifier>
    </Filter>
    <Filter Include="similarity">
      <UniqueIdentifier>{9514e4e9-74e1-40be-8553-6008c8460e8e}</UniqueIdentifier>
    </Filter>
  </ItemGroup>
</Project>