
Microsoft Visual Studio Solution File, Format Version 12.00
# Visual Studio Version 16
VisualStudioVersion = 16.0.29102.190
MinimumVisualStudioVersion = 10.0.40219.1
Project("{8BC9CEB8-8B4A-11D0-8D11-00A0C91BC942}") = "filter", "filter\filter.vcxproj", "{01CDD8EF-2D87-49EE-9845-435E62CEA622}"
	ProjectSection(ProjectDependencies) = postProject
		{91562509-1767-42DE-9BBA-2F49E0052754} = {91562509-1767-42DE-9BBA-2F49E0052754}
		{B084AB6B-1D72-469A-BAE5-41AAD7167415} = {B084AB6B-1D72-469A-BAE5-41AAD7167415}
		{D0564C7C-E1DF-40D2-A4DB-1DB2CB6683C5} = {D0564C7C-E1DF-40D2-A4DB-1DB2CB6683C5}
	EndProjectSection
EndProject
Project("{8BC9CEB8-8B4A-11D0-8D11-00A0C91BC942}") = "xlnt", "xlnt\xlnt.vcxproj", "{B084AB6B-1D72-469A-BAE5-41AAD7167415}"
EndProject
Project("{8BC9CEB8-8B4A-11D0-8D11-00A0C91BC942}") = "test", "test\test.vcxproj", "{2913798F-B4AC-4DEB-8544-108BE8B5AF1A}"
	ProjectSection(ProjectDependencies) = postProject
		{957E0A63-9675-48B3-9CED-017E2575E032} = {957E0A63-9675-48B3-9CED-017E2575E032}
		{3F7C5063-D6C8-4418-85BC-C1DD5F71696E} = {3F7C5063-D6C8-4418-85BC-C1DD5F71696E}
		{01CDD8EF-2D87-49EE-9845-435E62CEA622} = {01CDD8EF-2D87-49EE-9845-435E62CEA622}
	EndProjectSection
EndProject
Project("{8BC9CEB8-8B4A-11D0-8D11-00A0C91BC942}") = "uchardet", "uchardet\uchardet.vcxproj", "{91562509-1767-42DE-9BBA-2F49E0052754}"
EndProject
Project("{8BC9CEB8-8B4A-11D0-8D11-00A0C91BC942}") = "nlp", "nlp\nlp.vcxproj", "{957E0A63-9675-48B3-9CED-017E2575E032}"
	ProjectSection(ProjectDependencies) = postProject
		{3F7C5063-D6C8-4418-85BC-C1DD5F71696E} = {3F7C5063-D6C8-4418-85BC-C1DD5F71696E}
		{01CDD8EF-2D87-49EE-9845-435E62CEA622} = {01CDD8EF-2D87-49EE-9845-435E62CEA622}
	EndProjectSection
EndProject
Project("{8BC9CEB8-8B4A-11D0-8D11-00A0C91BC942}") = "mecab", "mecab\mecab\mecab.vcxproj", "{3F7C5063-D6C8-4418-85BC-C1DD5F71696E}"
EndProject
Project("{8BC9CEB8-8B4A-11D0-8D11-00A0C91BC942}") = "core", "pdf\core\core.vcxproj", "{9FF55EE8-318D-4F7E-8D2C-C3105BBB5DCA}"
	ProjectSection(ProjectDependencies) = postProject
		{664258A4-291C-4C5E-9768-6CD4AAE7E298} = {664258A4-291C-4C5E-9768-6CD4AAE7E298}
	EndProjectSection
EndProject
Project("{8BC9CEB8-8B4A-11D0-8D11-00A0C91BC942}") = "fpdfsdk", "pdf\fpdfsdk\fpdfsdk.vcxproj", "{D0564C7C-E1DF-40D2-A4DB-1DB2CB6683C5}"
	ProjectSection(ProjectDependencies) = postProject
		{9FF55EE8-318D-4F7E-8D2C-C3105BBB5DCA} = {9FF55EE8-318D-4F7E-8D2C-C3105BBB5DCA}
	EndProjectSection
EndProject
Project("{8BC9CEB8-8B4A-11D0-8D11-00A0C91BC942}") = "third_party", "pdf\third_party\third_party.vcxproj", "{664258A4-291C-4C5E-9768-6CD4AAE7E298}"
EndProject
Global
	GlobalSection(SolutionConfigurationPlatforms) = preSolution
		Debug|x64 = Debug|x64
		Debug|x86 = Debug|x86
		Release|x64 = Release|x64
		Release|x86 = Release|x86
	EndGlobalSection
	GlobalSection(ProjectConfigurationPlatforms) = postSolution
		{01CDD8EF-2D87-49EE-9845-435E62CEA622}.Debug|x64.ActiveCfg = Debug|x64
		{01CDD8EF-2D87-49EE-9845-435E62CEA622}.Debug|x64.Build.0 = Debug|x64
		{01CDD8EF-2D87-49EE-9845-435E62CEA622}.Debug|x86.ActiveCfg = Debug|Win32
		{01CDD8EF-2D87-49EE-9845-435E62CEA622}.Debug|x86.Build.0 = Debug|Win32
		{01CDD8EF-2D87-49EE-9845-435E62CEA622}.Release|x64.ActiveCfg = Release|x64
		{01CDD8EF-2D87-49EE-9845-435E62CEA622}.Release|x64.Build.0 = Release|x64
		{01CDD8EF-2D87-49EE-9845-435E62CEA622}.Release|x86.ActiveCfg = Release|Win32
		{01CDD8EF-2D87-49EE-9845-435E62CEA622}.Release|x86.Build.0 = Release|Win32
		{B084AB6B-1D72-469A-BAE5-41AAD7167415}.Debug|x64.ActiveCfg = Debug|x64
		{B084AB6B-1D72-469A-BAE5-41AAD7167415}.Debug|x64.Build.0 = Debug|x64
		{B084AB6B-1D72-469A-BAE5-41AAD7167415}.Debug|x86.ActiveCfg = Debug|Win32
		{B084AB6B-1D72-469A-BAE5-41AAD7167415}.Debug|x86.Build.0 = Debug|Win32
		{B084AB6B-1D72-469A-BAE5-41AAD7167415}.Release|x64.ActiveCfg = Release|x64
		{B084AB6B-1D72-469A-BAE5-41AAD7167415}.Release|x64.Build.0 = Release|x64
		{B084AB6B-1D72-469A-BAE5-41AAD7167415}.Release|x86.ActiveCfg = Release|Win32
		{B084AB6B-1D72-469A-BAE5-41AAD7167415}.Release|x86.Build.0 = Release|Win32
		{2913798F-B4AC-4DEB-8544-108BE8B5AF1A}.Debug|x64.ActiveCfg = Debug|x64
		{2913798F-B4AC-4DEB-8544-108BE8B5AF1A}.Debug|x64.Build.0 = Debug|x64
		{2913798F-B4AC-4DEB-8544-108BE8B5AF1A}.Debug|x86.ActiveCfg = Debug|Win32
		{2913798F-B4AC-4DEB-8544-108BE8B5AF1A}.Debug|x86.Build.0 = Debug|Win32
		{2913798F-B4AC-4DEB-8544-108BE8B5AF1A}.Release|x64.ActiveCfg = Release|x64
		{2913798F-B4AC-4DEB-8544-108BE8B5AF1A}.Release|x64.Build.0 = Release|x64
		{2913798F-B4AC-4DEB-8544-108BE8B5AF1A}.Release|x86.ActiveCfg = Release|Win32
		{2913798F-B4AC-4DEB-8544-108BE8B5AF1A}.Release|x86.Build.0 = Release|Win32
		{91562509-1767-42DE-9BBA-2F49E0052754}.Debug|x64.ActiveCfg = Debug|x64
		{91562509-1767-42DE-9BBA-2F49E0052754}.Debug|x64.Build.0 = Debug|x64
		{91562509-1767-42DE-9BBA-2F49E0052754}.Debug|x86.ActiveCfg = Debug|Win32
		{91562509-1767-42DE-9BBA-2F49E0052754}.Debug|x86.Build.0 = Debug|Win32
		{91562509-1767-42DE-9BBA-2F49E0052754}.Release|x64.ActiveCfg = Release|x64
		{91562509-1767-42DE-9BBA-2F49E0052754}.Release|x64.Build.0 = Release|x64
		{91562509-1767-42DE-9BBA-2F49E0052754}.Release|x86.ActiveCfg = Release|Win32
		{91562509-1767-42DE-9BBA-2F49E0052754}.Release|x86.Build.0 = Release|Win32
		{957E0A63-9675-48B3-9CED-017E2575E032}.Debug|x64.ActiveCfg = Debug|x64
		{957E0A63-9675-48B3-9CED-017E2575E032}.Debug|x64.Build.0 = Debug|x64
		{957E0A63-9675-48B3-9CED-017E2575E032}.Debug|x86.ActiveCfg = Debug|Win32
		{957E0A63-9675-48B3-9CED-017E2575E032}.Debug|x86.Build.0 = Debug|Win32
		{957E0A63-9675-48B3-9CED-017E2575E032}.Release|x64.ActiveCfg = Release|x64
		{957E0A63-9675-48B3-9CED-017E2575E032}.Release|x64.Build.0 = Release|x64
		{957E0A63-9675-48B3-9CED-017E2575E032}.Release|x86.ActiveCfg = Release|Win32
		{957E0A63-9675-48B3-9CED-017E2575E032}.Release|x86.Build.0 = Release|Win32
		{3F7C5063-D6C8-4418-85BC-C1DD5F71696E}.Debug|x64.ActiveCfg = Debug|x64
		{3F7C5063-D6C8-4418-85BC-C1DD5F71696E}.Debug|x64.Build.0 = Debug|x64
		{3F7C5063-D6C8-4418-85BC-C1DD5F71696E}.Debug|x86.ActiveCfg = Debug|Win32
		{3F7C5063-D6C8-4418-85BC-C1DD5F71696E}.Debug|x86.Build.0 = Debug|Win32
		{3F7C5063-D6C8-4418-85BC-C1DD5F71696E}.Release|x64.ActiveCfg = Release|x64
		{3F7C5063-D6C8-4418-85BC-C1DD5F71696E}.Release|x64.Build.0 = Release|x64
		{3F7C5063-D6C8-4418-85BC-C1DD5F71696E}.Release|x86.ActiveCfg = Release|Win32
		{3F7C5063-D6C8-4418-85BC-C1DD5F71696E}.Release|x86.Build.0 = Release|Win32
		{9FF55EE8-318D-4F7E-8D2C-C3105BBB5DCA}.Debug|x64.ActiveCfg = Debug|x64
		{9FF55EE8-318D-4F7E-8D2C-C3105BBB5DCA}.Debug|x64.Build.0 = Debug|x64
		{9FF55EE8-318D-4F7E-8D2C-C3105BBB5DCA}.Debug|x86.ActiveCfg = Debug|Win32
		{9FF55EE8-318D-4F7E-8D2C-C3105BBB5DCA}.Debug|x86.Build.0 = Debug|Win32
		{9FF55EE8-318D-4F7E-8D2C-C3105BBB5DCA}.Release|x64.ActiveCfg = Release|x64
		{9FF55EE8-318D-4F7E-8D2C-C3105BBB5DCA}.Release|x64.Build.0 = Release|x64
		{9FF55EE8-318D-4F7E-8D2C-C3105BBB5DCA}.Release|x86.ActiveCfg = Release|Win32
		{9FF55EE8-318D-4F7E-8D2C-C3105BBB5DCA}.Release|x86.Build.0 = Release|Win32
		{D0564C7C-E1DF-40D2-A4DB-1DB2CB6683C5}.Debug|x64.ActiveCfg = Debug|x64
		{D0564C7C-E1DF-40D2-A4DB-1DB2CB6683C5}.Debug|x64.Build.0 = Debug|x64
		{D0564C7C-E1DF-40D2-A4DB-1DB2CB6683C5}.Debug|x86.ActiveCfg = Debug|Win32
		{D0564C7C-E1DF-40D2-A4DB-1DB2CB6683C5}.Debug|x86.Build.0 = Debug|Win32
		{D0564C7C-E1DF-40D2-A4DB-1DB2CB6683C5}.Release|x64.ActiveCfg = Release|x64
		{D0564C7C-E1DF-40D2-A4DB-1DB2CB6683C5}.Release|x64.Build.0 = Release|x64
		{D0564C7C-E1DF-40D2-A4DB-1DB2CB6683C5}.Release|x86.ActiveCfg = Release|Win32
		{D0564C7C-E1DF-40D2-A4DB-1DB2CB6683C5}.Release|x86.Build.0 = Release|Win32
		{664258A4-291C-4C5E-9768-6CD4AAE7E298}.Debug|x64.ActiveCfg = Debug|x64
		{664258A4-291C-4C5E-9768-6CD4AAE7E298}.Debug|x64.Build.0 = Debug|x64
		{664258A4-291C-4C5E-9768-6CD4AAE7E298}.Debug|x86.ActiveCfg = Debug|Win32
		{664258A4-291C-4C5E-9768-6CD4AAE7E298}.Debug|x86.Build.0 = Debug|Win32
		{664258A4-291C-4C5E-9768-6CD4AAE7E298}.Release|x64.ActiveCfg = Release|x64
		{664258A4-291C-4C5E-9768-6CD4AAE7E298}.Release|x64.Build.0 = Release|x64
		{664258A4-291C-4C5E-9768-6CD4AAE7E298}.Release|x86.ActiveCfg = Release|Win32
		{664258A4-291C-4C5E-9768-6CD4AAE7E298}.Release|x86.Build.0 = Release|Win32
	EndGlobalSection
	GlobalSection(SolutionProperties) = preSolution
		HideSolutionNode = FALSE
	EndGlobalSection
	GlobalSection(ExtensibilityGlobals) = postSolution
		SolutionGuid = {122A7BC3-BD3A-4F21-A94D-46654D72FE87}
	EndGlobalSection
EndGlobal
