
Microsoft Visual Studio Solution File, Format Version 12.00
# Visual Studio Version 16
VisualStudioVersion = 16.0.29102.190
MinimumVisualStudioVersion = 10.0.40219.1
Project("{8BC9CEB8-8B4A-11D0-8D11-00A0C91BC942}") = "filter", "filter\filter.vcxproj", "{01CDD8EF-2D87-49EE-9845-435E62CEA622}"
EndProject
Global
	GlobalSection(SolutionConfigurationPlatforms) = preSolution
		Debug|x64 = Debug|x64
		Debug|x86 = Debug|x86
		Release|x64 = Release|x64
		Release|x86 = Release|x86
	EndGlobalSection
	GlobalSection(ProjectConfigurationPlatforms) = postSolution
		{01CDD8EF-2D87-49EE-9845-435E62CEA622}.Debug|x64.ActiveCfg = Debug|x64
		{01CDD8EF-2D87-49EE-9845-435E62CEA622}.Debug|x64.Build.0 = Debug|x64
		{01CDD8EF-2D87-49EE-9845-435E62CEA622}.Debug|x86.ActiveCfg = Debug|Win32
		{01CDD8EF-2D87-49EE-9845-435E62CEA622}.Debug|x86.Build.0 = Debug|Win32
		{01CDD8EF-2D87-49EE-9845-435E62CEA622}.Release|x64.ActiveCfg = Release|x64
		{01CDD8EF-2D87-49EE-9845-435E62CEA622}.Release|x64.Build.0 = Release|x64
		{01CDD8EF-2D87-49EE-9845-435E62CEA622}.Release|x86.ActiveCfg = Release|Win32
		{01CDD8EF-2D87-49EE-9845-435E62CEA622}.Release|x86.Build.0 = Release|Win32
	EndGlobalSection
	GlobalSection(SolutionProperties) = preSolution
		HideSolutionNode = FALSE
	EndGlobalSection
	GlobalSection(ExtensibilityGlobals) = postSolution
		SolutionGuid = {122A7BC3-BD3A-4F21-A94D-46654D72FE87}
	EndGlobalSection
EndGlobal
